{
    "_meta": {
        "hash": {
            "sha256": "e974b6d6970b38f6e67c2079128354e82041b2779c6330dbf20656daa07bc292"
        },
        "host-environment-markers": {
            "implementation_name": "cpython",
            "implementation_version": "3.6.0",
            "os_name": "nt",
            "platform_machine": "AMD64",
            "platform_python_implementation": "CPython",
            "platform_release": "10",
            "platform_system": "Windows",
            "platform_version": "10.0.17134",
            "python_full_version": "3.6.0",
            "python_version": "3.6",
            "sys_platform": "win32"
        },
        "pipfile-spec": 6,
        "requires": {
            "python_version": "3.6"
        },
        "sources": [
            {
                "name": "pypi",
                "url": "https://pypi.org/simple",
                "verify_ssl": true
            }
        ]
    },
    "default": {
        "asteval": {
            "hashes": [],
            "version": "==0.9.13"
        },
        "aubio": {
            "hashes": [],
            "version": "==0.4.8"
        },
        "cycler": {
            "hashes": [],
            "version": "==0.10.0"
        },
        "kiwisolver": {
            "hashes": [],
            "version": "==1.0.1"
        },
        "lmfit": {
            "hashes": [],
            "version": "==0.9.12"
        },
        "matplotlib": {
            "hashes": [],
            "version": "==3.0.2"
        },
        "numpy": {
            "hashes": [],
            "version": "==1.15.4"
        },
        "pydub": {
            "hashes": [],
            "version": "==0.23.0"
        },
        "pyparsing": {
            "hashes": [],
            "version": "==2.3.0"
        },
        "python-dateutil": {
            "hashes": [],
            "version": "==2.7.5"
        },
        "scipy": {
            "hashes": [],
            "version": "==1.1.0"
        },
        "six": {
            "hashes": [],
            "version": "==1.11.0"
        },
        "speechrecognition": {
            "hashes": [],
            "version": "==3.8.1"
        },
        "uncertainties": {
            "hashes": [],
            "version": "==3.0.3"
        }
    },
    "develop": {}
}
